{
  "version": 4,
  "terraform_version": "1.4.3",
  "serial": 44,
  "lineage": "8f8e22f4-2d2a-7ca1-1ae5-b31f9c1e2266",
  "outputs": {
    "database_endpoint": {
      "value": "awsprod-db.cyypnqioy9vf.us-east-1.rds.amazonaws.com:3306",
      "type": "string"
    },
    "load_balancer_endpoint": {
      "value": "awsprod-loadbalancer-1494059069.us-east-1.elb.amazonaws.com",
      "type": "string"
    }
  },
  "resources": [
    {
      "mode": "managed",
      "type": "aws_dynamodb_table",
      "name": "terraform_locks",
      "provider": "provider[\"registry.terraform.io/hashicorp/aws\"]",
      "instances": [
        {
          "schema_version": 1,
          "attributes": {
            "arn": "arn:aws:dynamodb:us-east-1:456116895541:table/terraform-state-locking",
            "attribute": [
              {
                "name": "LockID",
                "type": "S"
              }
            ],
            "billing_mode": "PAY_PER_REQUEST",
            "deletion_protection_enabled": false,
            "global_secondary_index": [],
            "hash_key": "LockID",
            "id": "terraform-state-locking",
            "local_secondary_index": [],
            "name": "terraform-state-locking",
            "point_in_time_recovery": [
              {
                "enabled": false
              }
            ],
            "range_key": null,
            "read_capacity": 0,
            "replica": [],
            "restore_date_time": null,
            "restore_source_name": null,
            "restore_to_latest_time": null,
            "server_side_encryption": [],
            "stream_arn": "",
            "stream_enabled": false,
            "stream_label": "",
            "stream_view_type": "",
            "table_class": "STANDARD",
            "tags": null,
            "tags_all": {},
            "timeouts": null,
            "ttl": [
              {
                "attribute_name": "",
                "enabled": false
              }
            ],
            "write_capacity": 0
          },
          "sensitive_attributes": [],
          "private": "eyJlMmJmYjczMC1lY2FhLTExZTYtOGY4OC0zNDM2M2JjN2M0YzAiOnsiY3JlYXRlIjoxODAwMDAwMDAwMDAwLCJkZWxldGUiOjYwMDAwMDAwMDAwMCwidXBkYXRlIjozNjAwMDAwMDAwMDAwfSwic2NoZW1hX3ZlcnNpb24iOiIxIn0="
        }
      ]
    },
    {
      "mode": "managed",
      "type": "aws_s3_bucket",
      "name": "terraform_state",
      "provider": "provider[\"registry.terraform.io/hashicorp/aws\"]",
      "instances": [
        {
          "schema_version": 0,
          "attributes": {
            "acceleration_status": "",
            "acl": null,
            "arn": "arn:aws:s3:::crescent-tfxy-state",
            "bucket": "crescent-tfxy-state",
            "bucket_domain_name": "crescent-tfxy-state.s3.amazonaws.com",
            "bucket_prefix": "",
            "bucket_regional_domain_name": "crescent-tfxy-state.s3.amazonaws.com",
            "cors_rule": [],
            "force_destroy": true,
            "grant": [
              {
                "id": "fade9198a9021e839293068b7c6adadfa70fc7a981985da74fae58cc466f9145",
                "permissions": [
                  "FULL_CONTROL"
                ],
                "type": "CanonicalUser",
                "uri": ""
              }
            ],
            "hosted_zone_id": "Z3AQBSTGFYJSTF",
            "id": "crescent-tfxy-state",
            "lifecycle_rule": [],
            "logging": [],
            "object_lock_configuration": [],
            "object_lock_enabled": false,
            "policy": "",
            "region": "us-east-1",
            "replication_configuration": [],
            "request_payer": "BucketOwner",
            "server_side_encryption_configuration": [
              {
                "rule": [
                  {
                    "apply_server_side_encryption_by_default": [
                      {
                        "kms_master_key_id": "",
                        "sse_algorithm": "AES256"
                      }
                    ],
                    "bucket_key_enabled": false
                  }
                ]
              }
            ],
            "tags": null,
            "tags_all": {},
            "timeouts": null,
            "versioning": [
              {
                "enabled": false,
                "mfa_delete": false
              }
            ],
            "website": [],
            "website_domain": null,
            "website_endpoint": null
          },
          "sensitive_attributes": [],
          "private": "eyJlMmJmYjczMC1lY2FhLTExZTYtOGY4OC0zNDM2M2JjN2M0YzAiOnsiY3JlYXRlIjoxMjAwMDAwMDAwMDAwLCJkZWxldGUiOjM2MDAwMDAwMDAwMDAsInJlYWQiOjEyMDAwMDAwMDAwMDAsInVwZGF0ZSI6MTIwMDAwMDAwMDAwMH19"
        }
      ]
    },
    {
      "mode": "managed",
      "type": "aws_s3_bucket_server_side_encryption_configuration",
      "name": "terraform_state_crypto_conf",
      "provider": "provider[\"registry.terraform.io/hashicorp/aws\"]",
      "instances": [
        {
          "schema_version": 0,
          "attributes": {
            "bucket": "crescent-tfxy-state",
            "expected_bucket_owner": "",
            "id": "crescent-tfxy-state",
            "rule": [
              {
                "apply_server_side_encryption_by_default": [
                  {
                    "kms_master_key_id": "",
                    "sse_algorithm": "AES256"
                  }
                ],
                "bucket_key_enabled": null
              }
            ]
          },
          "sensitive_attributes": [],
          "private": "bnVsbA==",
          "dependencies": [
            "aws_s3_bucket.terraform_state"
          ]
        }
      ]
    },
    {
      "mode": "managed",
      "type": "aws_s3_bucket_versioning",
      "name": "terraform_bucket_versioning",
      "provider": "provider[\"registry.terraform.io/hashicorp/aws\"]",
      "instances": [
        {
          "schema_version": 0,
          "attributes": {
            "bucket": "crescent-tfxy-state",
            "expected_bucket_owner": "",
            "id": "crescent-tfxy-state",
            "mfa": null,
            "versioning_configuration": [
              {
                "mfa_delete": "",
                "status": "Enabled"
              }
            ]
          },
          "sensitive_attributes": [],
          "private": "bnVsbA==",
          "dependencies": [
            "aws_s3_bucket.terraform_state"
          ]
        }
      ]
    },
    {
      "module": "module.resources",
      "mode": "data",
      "type": "aws_availability_zones",
      "name": "available",
      "provider": "provider[\"registry.terraform.io/hashicorp/aws\"]",
      "instances": [
        {
          "schema_version": 0,
          "attributes": {
            "all_availability_zones": null,
            "exclude_names": null,
            "exclude_zone_ids": null,
            "filter": null,
            "group_names": [
              "us-east-1"
            ],
            "id": "us-east-1",
            "names": [
              "us-east-1a",
              "us-east-1b",
              "us-east-1c",
              "us-east-1d",
              "us-east-1e",
              "us-east-1f"
            ],
            "state": null,
            "timeouts": null,
            "zone_ids": [
              "use1-az1",
              "use1-az2",
              "use1-az4",
              "use1-az6",
              "use1-az3",
              "use1-az5"
            ]
          },
          "sensitive_attributes": []
        }
      ]
    },
    {
      "module": "module.resources",
      "mode": "data",
      "type": "aws_lb_target_group",
      "name": "awsprod_tg",
      "provider": "provider[\"registry.terraform.io/hashicorp/aws\"]",
      "instances": [
        {
          "schema_version": 0,
          "attributes": {
            "arn": "arn:aws:elasticloadbalancing:us-east-1:456116895541:targetgroup/awsprod-lb-tg-6e2/bb578618e756038d",
            "arn_suffix": "targetgroup/awsprod-lb-tg-6e2/bb578618e756038d",
            "connection_termination": null,
            "deregistration_delay": 300,
            "health_check": [
              {
                "enabled": true,
                "healthy_threshold": 5,
                "interval": 30,
                "matcher": "200",
                "path": "/",
                "port": "traffic-port",
                "protocol": "HTTP",
                "timeout": 5,
                "unhealthy_threshold": 2
              }
            ],
            "id": "arn:aws:elasticloadbalancing:us-east-1:456116895541:targetgroup/awsprod-lb-tg-6e2/bb578618e756038d",
            "lambda_multi_value_headers_enabled": null,
            "load_balancing_algorithm_type": "round_robin",
            "load_balancing_cross_zone_enabled": "use_load_balancer_configuration",
            "name": "awsprod-lb-tg-6e2",
            "port": 80,
            "preserve_client_ip": null,
            "protocol": "HTTP",
            "protocol_version": "HTTP1",
            "proxy_protocol_v2": null,
            "slow_start": 0,
            "stickiness": [
              {
                "cookie_duration": 86400,
                "cookie_name": "",
                "enabled": false,
                "type": "lb_cookie"
              }
            ],
            "tags": {},
            "target_type": "instance",
            "timeouts": null,
            "vpc_id": "vpc-06c9306932451d8ad"
          },
          "sensitive_attributes": []
        }
      ]
    },
    {
      "module": "module.resources",
      "mode": "data",
      "type": "aws_ssm_parameter",
      "name": "aws-prod-ami",
      "provider": "provider[\"registry.terraform.io/hashicorp/aws\"]",
      "instances": [
        {
          "schema_version": 0,
          "attributes": {
            "arn": "arn:aws:ssm:us-east-1::parameter/aws/service/ami-amazon-linux-latest/amzn2-ami-hvm-x86_64-gp2",
            "id": "/aws/service/ami-amazon-linux-latest/amzn2-ami-hvm-x86_64-gp2",
            "name": "/aws/service/ami-amazon-linux-latest/amzn2-ami-hvm-x86_64-gp2",
            "type": "String",
            "value": "ami-05f408238af346b4f",
            "version": 84,
            "with_decryption": true
          },
          "sensitive_attributes": []
        }
      ]
    },
    {
      "module": "module.resources",
      "mode": "managed",
      "type": "aws_autoscaling_attachment",
      "name": "asg_attach",
      "provider": "provider[\"registry.terraform.io/hashicorp/aws\"]",
      "instances": [
        {
          "schema_version": 0,
          "attributes": {
            "alb_target_group_arn": null,
            "autoscaling_group_name": "awsprod_app",
            "elb": null,
            "id": "awsprod_app-20230414060449440400000009",
            "lb_target_group_arn": "arn:aws:elasticloadbalancing:us-east-1:456116895541:targetgroup/awsprod-lb-tg-6e2/bb578618e756038d"
          },
          "sensitive_attributes": [],
          "private": "bnVsbA==",
          "dependencies": [
            "module.resources.aws_autoscaling_group.awsprod_app",
            "module.resources.aws_launch_template.awsprod_app",
            "module.resources.aws_lb_target_group.awsprod_tg",
            "module.resources.aws_security_group.awsprod_bastionhost_sg",
            "module.resources.aws_security_group.awsprod_frontend_app_sg",
            "module.resources.aws_security_group.awsprod_lb_sg",
            "module.resources.aws_subnet.awsprod_private_subnets",
            "module.resources.aws_vpc.awsprod_vpc",
            "module.resources.data.aws_availability_zones.available",
            "module.resources.data.aws_lb_target_group.awsprod_tg",
            "module.resources.data.aws_ssm_parameter.aws-prod-ami",
            "module.resources.random_integer.random"
          ]
        }
      ]
    },
    {
      "module": "module.resources",
      "mode": "managed",
      "type": "aws_autoscaling_group",
      "name": "aws_prod_bastionhost",
      "provider": "provider[\"registry.terraform.io/hashicorp/aws\"]",
      "instances": [
        {
          "schema_version": 0,
          "attributes": {
            "arn": "arn:aws:autoscaling:us-east-1:456116895541:autoScalingGroup:1ded4354-2135-4571-a23c-041cdb1be27f:autoScalingGroupName/awsprod-bastionhost",
            "availability_zones": [
              "us-east-1a",
              "us-east-1b"
            ],
            "capacity_rebalance": false,
            "context": "",
            "default_cooldown": 300,
            "default_instance_warmup": 0,
            "desired_capacity": 1,
            "desired_capacity_type": "",
            "enabled_metrics": null,
            "force_delete": false,
            "force_delete_warm_pool": false,
            "health_check_grace_period": 300,
            "health_check_type": "EC2",
            "id": "awsprod-bastionhost",
            "initial_lifecycle_hook": [],
            "instance_refresh": [],
            "launch_configuration": "",
            "launch_template": [
              {
                "id": "lt-012d62f72039c9073",
                "name": "awsprod_bastionhost20230414060356955300000002",
                "version": "$Latest"
              }
            ],
            "load_balancers": null,
            "max_instance_lifetime": 0,
            "max_size": 1,
            "metrics_granularity": "1Minute",
            "min_elb_capacity": null,
            "min_size": 1,
            "mixed_instances_policy": [],
            "name": "awsprod-bastionhost",
            "name_prefix": "",
            "placement_group": "",
            "protect_from_scale_in": false,
            "service_linked_role_arn": "arn:aws:iam::456116895541:role/aws-service-role/autoscaling.amazonaws.com/AWSServiceRoleForAutoScaling",
            "suspended_processes": null,
            "tag": [],
            "tags": null,
            "target_group_arns": null,
            "termination_policies": null,
            "timeouts": null,
            "vpc_zone_identifier": [
              "subnet-03295f11d6a8cc59c",
              "subnet-090f64be492cfc8bf"
            ],
            "wait_for_capacity_timeout": "10m",
            "wait_for_elb_capacity": null,
            "warm_pool": []
          },
          "sensitive_attributes": [],
          "private": "eyJlMmJmYjczMC1lY2FhLTExZTYtOGY4OC0zNDM2M2JjN2M0YzAiOnsiZGVsZXRlIjo2MDAwMDAwMDAwMDAsInVwZGF0ZSI6NjAwMDAwMDAwMDAwfX0=",
          "dependencies": [
            "module.resources.aws_launch_template.aws_prod_bastionhost",
            "module.resources.aws_security_group.awsprod_bastionhost_sg",
            "module.resources.aws_subnet.awsprod_public_subnets",
            "module.resources.aws_vpc.awsprod_vpc",
            "module.resources.data.aws_availability_zones.available",
            "module.resources.data.aws_ssm_parameter.aws-prod-ami",
            "module.resources.random_integer.random"
          ]
        }
      ]
    },
    {
      "module": "module.resources",
      "mode": "managed",
      "type": "aws_autoscaling_group",
      "name": "awsprod_app",
      "provider": "provider[\"registry.terraform.io/hashicorp/aws\"]",
      "instances": [
        {
          "schema_version": 0,
          "attributes": {
            "arn": "arn:aws:autoscaling:us-east-1:456116895541:autoScalingGroup:fcd56356-fda2-4876-88e6-81dd5b4613da:autoScalingGroupName/awsprod_app",
            "availability_zones": [
              "us-east-1a",
              "us-east-1b"
            ],
            "capacity_rebalance": false,
            "context": "",
            "default_cooldown": 300,
            "default_instance_warmup": 0,
            "desired_capacity": 2,
            "desired_capacity_type": "",
            "enabled_metrics": null,
            "force_delete": false,
            "force_delete_warm_pool": false,
            "health_check_grace_period": 300,
            "health_check_type": "EC2",
            "id": "awsprod_app",
            "initial_lifecycle_hook": [],
            "instance_refresh": [],
            "launch_configuration": "",
            "launch_template": [
              {
                "id": "lt-05739f28c26d8478f",
                "name": "awsprod_app20230414060359842700000004",
                "version": "$Latest"
              }
            ],
            "load_balancers": null,
            "max_instance_lifetime": 0,
            "max_size": 3,
            "metrics_granularity": "1Minute",
            "min_elb_capacity": null,
            "min_size": 2,
            "mixed_instances_policy": [],
            "name": "awsprod_app",
            "name_prefix": "",
            "placement_group": "",
            "protect_from_scale_in": false,
            "service_linked_role_arn": "arn:aws:iam::456116895541:role/aws-service-role/autoscaling.amazonaws.com/AWSServiceRoleForAutoScaling",
            "suspended_processes": null,
            "tag": [],
            "tags": null,
            "target_group_arns": [
              "arn:aws:elasticloadbalancing:us-east-1:456116895541:targetgroup/awsprod-lb-tg-6e2/bb578618e756038d"
            ],
            "termination_policies": null,
            "timeouts": null,
            "vpc_zone_identifier": [
              "subnet-0536c952dc3465b6a",
              "subnet-0c40004a1ad2ca89f"
            ],
            "wait_for_capacity_timeout": "10m",
            "wait_for_elb_capacity": null,
            "warm_pool": []
          },
          "sensitive_attributes": [],
          "private": "eyJlMmJmYjczMC1lY2FhLTExZTYtOGY4OC0zNDM2M2JjN2M0YzAiOnsiZGVsZXRlIjo2MDAwMDAwMDAwMDAsInVwZGF0ZSI6NjAwMDAwMDAwMDAwfX0=",
          "dependencies": [
            "module.resources.aws_launch_template.awsprod_app",
            "module.resources.aws_lb_target_group.awsprod_tg",
            "module.resources.aws_security_group.awsprod_bastionhost_sg",
            "module.resources.aws_security_group.awsprod_frontend_app_sg",
            "module.resources.aws_security_group.awsprod_lb_sg",
            "module.resources.aws_subnet.awsprod_private_subnets",
            "module.resources.aws_vpc.awsprod_vpc",
            "module.resources.data.aws_availability_zones.available",
            "module.resources.data.aws_lb_target_group.awsprod_tg",
            "module.resources.data.aws_ssm_parameter.aws-prod-ami",
            "module.resources.random_integer.random"
          ]
        }
      ]
    },
    {
      "module": "module.resources",
      "mode": "managed",
      "type": "aws_autoscaling_group",
      "name": "awsprod_backend",
      "provider": "provider[\"registry.terraform.io/hashicorp/aws\"]",
      "instances": [
        {
          "schema_version": 0,
          "attributes": {
            "arn": "arn:aws:autoscaling:us-east-1:456116895541:autoScalingGroup:320202cf-89a2-4b2e-9706-341b9c7ff4bf:autoScalingGroupName/awsprod_backend",
            "availability_zones": [
              "us-east-1a",
              "us-east-1b"
            ],
            "capacity_rebalance": false,
            "context": "",
            "default_cooldown": 300,
            "default_instance_warmup": 0,
            "desired_capacity": 2,
            "desired_capacity_type": "",
            "enabled_metrics": null,
            "force_delete": false,
            "force_delete_warm_pool": false,
            "health_check_grace_period": 300,
            "health_check_type": "EC2",
            "id": "awsprod_backend",
            "initial_lifecycle_hook": [],
            "instance_refresh": [],
            "launch_configuration": "",
            "launch_template": [
              {
                "id": "lt-016903e2fc7997302",
                "name": "awsprod_backend20230414060402463600000006",
                "version": "$Latest"
              }
            ],
            "load_balancers": null,
            "max_instance_lifetime": 0,
            "max_size": 3,
            "metrics_granularity": "1Minute",
            "min_elb_capacity": null,
            "min_size": 2,
            "mixed_instances_policy": [],
            "name": "awsprod_backend",
            "name_prefix": "",
            "placement_group": "",
            "protect_from_scale_in": false,
            "service_linked_role_arn": "arn:aws:iam::456116895541:role/aws-service-role/autoscaling.amazonaws.com/AWSServiceRoleForAutoScaling",
            "suspended_processes": null,
            "tag": [],
            "tags": null,
            "target_group_arns": null,
            "termination_policies": null,
            "timeouts": null,
            "vpc_zone_identifier": [
              "subnet-0536c952dc3465b6a",
              "subnet-0c40004a1ad2ca89f"
            ],
            "wait_for_capacity_timeout": "10m",
            "wait_for_elb_capacity": null,
            "warm_pool": []
          },
          "sensitive_attributes": [],
          "private": "eyJlMmJmYjczMC1lY2FhLTExZTYtOGY4OC0zNDM2M2JjN2M0YzAiOnsiZGVsZXRlIjo2MDAwMDAwMDAwMDAsInVwZGF0ZSI6NjAwMDAwMDAwMDAwfX0=",
          "dependencies": [
            "module.resources.aws_launch_template.awsprod_backend",
            "module.resources.aws_security_group.awsprod_backend_app_sg",
            "module.resources.aws_security_group.awsprod_bastionhost_sg",
            "module.resources.aws_security_group.awsprod_frontend_app_sg",
            "module.resources.aws_security_group.awsprod_lb_sg",
            "module.resources.aws_subnet.awsprod_private_subnets",
            "module.resources.aws_vpc.awsprod_vpc",
            "module.resources.data.aws_availability_zones.available",
            "module.resources.data.aws_ssm_parameter.aws-prod-ami",
            "module.resources.random_integer.random"
          ]
        }
      ]
    },
    {
      "module": "module.resources",
      "mode": "managed",
      "type": "aws_db_instance",
      "name": "awsprod_db",
      "provider": "provider[\"registry.terraform.io/hashicorp/aws\"]",
      "instances": [
        {
          "schema_version": 1,
          "attributes": {
            "address": "awsprod-db.cyypnqioy9vf.us-east-1.rds.amazonaws.com",
            "allocated_storage": 10,
            "allow_major_version_upgrade": null,
            "apply_immediately": false,
            "arn": "arn:aws:rds:us-east-1:456116895541:db:awsprod-db",
            "auto_minor_version_upgrade": true,
            "availability_zone": "us-east-1b",
            "backup_retention_period": 0,
            "backup_window": "04:00-04:30",
            "blue_green_update": [],
            "ca_cert_identifier": "rds-ca-2019",
            "character_set_name": "",
            "copy_tags_to_snapshot": false,
            "custom_iam_instance_profile": "",
            "customer_owned_ip_enabled": false,
            "db_name": "threetierdb",
            "db_subnet_group_name": "awsprod_rds_subnetgroup",
            "delete_automated_backups": true,
            "deletion_protection": false,
            "domain": "",
            "domain_iam_role_name": "",
            "enabled_cloudwatch_logs_exports": null,
            "endpoint": "awsprod-db.cyypnqioy9vf.us-east-1.rds.amazonaws.com:3306",
            "engine": "mysql",
            "engine_version": "8.0.32",
            "engine_version_actual": "8.0.32",
            "final_snapshot_identifier": null,
            "hosted_zone_id": "Z2R2ITUGPM61AM",
            "iam_database_authentication_enabled": false,
            "id": "awsprod-db",
            "identifier": "awsprod-db",
            "identifier_prefix": "",
            "instance_class": "db.t2.micro",
            "iops": 0,
            "kms_key_id": "",
            "latest_restorable_time": "",
            "license_model": "general-public-license",
            "listener_endpoint": [],
            "maintenance_window": "mon:05:38-mon:06:08",
            "manage_master_user_password": null,
            "master_user_secret": [],
            "master_user_secret_kms_key_id": null,
            "max_allocated_storage": 0,
            "monitoring_interval": 0,
            "monitoring_role_arn": "",
            "multi_az": false,
            "name": "threetierdb",
            "nchar_character_set_name": "",
            "network_type": "IPV4",
            "option_group_name": "default:mysql-8-0",
            "parameter_group_name": "default.mysql8.0",
            "password": "xxxxxxxxxxxxx",
            "performance_insights_enabled": false,
            "performance_insights_kms_key_id": "",
            "performance_insights_retention_period": 0,
            "port": 3306,
            "publicly_accessible": false,
            "replica_mode": "",
            "replicas": [],
            "replicate_source_db": "",
            "resource_id": "db-Q37OVXX3JBSXVKS5OFHYMKUCOQ",
            "restore_to_point_in_time": [],
            "s3_import": [],
            "security_group_names": null,
            "skip_final_snapshot": true,
            "snapshot_identifier": null,
            "status": "available",
            "storage_encrypted": false,
            "storage_throughput": 0,
            "storage_type": "gp2",
            "tags": {
              "Name": "aws-prod-db"
            },
            "tags_all": {
              "Name": "aws-prod-db"
            },
            "timeouts": null,
            "timezone": "",
            "username": "admin",
            "vpc_security_group_ids": [
              "sg-0f5e507d11d850541"
            ]
          },
          "sensitive_attributes": [
            [
              {
                "type": "get_attr",
                "value": "username"
              }
            ],
            [
              {
                "type": "get_attr",
                "value": "password"
              }
            ]
          ],
          "private": "eyJlMmJmYjczMC1lY2FhLTExZTYtOGY4OC0zNDM2M2JjN2M0YzAiOnsiY3JlYXRlIjoyNDAwMDAwMDAwMDAwLCJkZWxldGUiOjM2MDAwMDAwMDAwMDAsInVwZGF0ZSI6NDgwMDAwMDAwMDAwMH0sInNjaGVtYV92ZXJzaW9uIjoiMSJ9",
          "dependencies": [
            "module.resources.aws_db_subnet_group.awsprod_rds_subnetgroup",
            "module.resources.aws_security_group.awsprod_backend_app_sg",
            "module.resources.aws_security_group.awsprod_bastionhost_sg",
            "module.resources.aws_security_group.awsprod_frontend_app_sg",
            "module.resources.aws_security_group.awsprod_lb_sg",
            "module.resources.aws_security_group.awsprod_rds_sg",
            "module.resources.aws_subnet.awsprod_private_subnets_db",
            "module.resources.aws_vpc.awsprod_vpc",
            "module.resources.data.aws_availability_zones.available",
            "module.resources.random_integer.random"
          ]
        }
      ]
    },
    {
      "module": "module.resources",
      "mode": "managed",
      "type": "aws_db_subnet_group",
      "name": "awsprod_rds_subnetgroup",
      "provider": "provider[\"registry.terraform.io/hashicorp/aws\"]",
      "instances": [
        {
          "index_key": 0,
          "schema_version": 0,
          "attributes": {
            "arn": "arn:aws:rds:us-east-1:456116895541:subgrp:awsprod_rds_subnetgroup",
            "description": "Managed by Terraform",
            "id": "awsprod_rds_subnetgroup",
            "name": "awsprod_rds_subnetgroup",
            "name_prefix": "",
            "subnet_ids": [
              "subnet-079be03ee7eb5a89c",
              "subnet-0de1ea333e15cc505"
            ],
            "supported_network_types": [
              "IPV4"
            ],
            "tags": {
              "Name": "awsprod_rds_sng"
            },
            "tags_all": {
              "Name": "awsprod_rds_sng"
            }
          },
          "sensitive_attributes": [],
          "private": "bnVsbA==",
          "dependencies": [
            "module.resources.aws_subnet.awsprod_private_subnets_db",
            "module.resources.aws_vpc.awsprod_vpc",
            "module.resources.data.aws_availability_zones.available",
            "module.resources.random_integer.random"
          ]
        }
      ]
    },
    {
      "module": "module.resources",
      "mode": "managed",
      "type": "aws_eip",
      "name": "awsprod_nat_eip",
      "provider": "provider[\"registry.terraform.io/hashicorp/aws\"]",
      "instances": [
        {
          "schema_version": 0,
          "attributes": {
            "address": null,
            "allocation_id": "eipalloc-02d5f26ef0a4d756b",
            "associate_with_private_ip": null,
            "association_id": "",
            "carrier_ip": "",
            "customer_owned_ip": "",
            "customer_owned_ipv4_pool": "",
            "domain": "vpc",
            "id": "eipalloc-02d5f26ef0a4d756b",
            "instance": "",
            "network_border_group": "us-east-1",
            "network_interface": "",
            "private_dns": null,
            "private_ip": "",
            "public_dns": "ec2-18-209-88-12.compute-1.amazonaws.com",
            "public_ip": "18.209.88.12",
            "public_ipv4_pool": "amazon",
            "tags": null,
            "tags_all": {},
            "timeouts": null,
            "vpc": true
          },
          "sensitive_attributes": [],
          "private": "eyJlMmJmYjczMC1lY2FhLTExZTYtOGY4OC0zNDM2M2JjN2M0YzAiOnsiZGVsZXRlIjoxODAwMDAwMDAwMDAsInJlYWQiOjkwMDAwMDAwMDAwMCwidXBkYXRlIjozMDAwMDAwMDAwMDB9fQ=="
        }
      ]
    },
    {
      "module": "module.resources",
      "mode": "managed",
      "type": "aws_internet_gateway",
      "name": "awsprod_internet_gateway",
      "provider": "provider[\"registry.terraform.io/hashicorp/aws\"]",
      "instances": [
        {
          "schema_version": 0,
          "attributes": {
            "arn": "arn:aws:ec2:us-east-1:456116895541:internet-gateway/igw-05d6e3a0de8a23d1b",
            "id": "igw-05d6e3a0de8a23d1b",
            "owner_id": "456116895541",
            "tags": {
              "Name": "awsprod_igw"
            },
            "tags_all": {
              "Name": "awsprod_igw"
            },
            "timeouts": null,
            "vpc_id": "vpc-06c9306932451d8ad"
          },
          "sensitive_attributes": [],
          "private": "eyJlMmJmYjczMC1lY2FhLTExZTYtOGY4OC0zNDM2M2JjN2M0YzAiOnsiY3JlYXRlIjoxMjAwMDAwMDAwMDAwLCJkZWxldGUiOjEyMDAwMDAwMDAwMDAsInVwZGF0ZSI6MTIwMDAwMDAwMDAwMH19",
          "dependencies": [
            "module.resources.aws_vpc.awsprod_vpc",
            "module.resources.random_integer.random"
          ],
          "create_before_destroy": true
        }
      ]
    },
    {
      "module": "module.resources",
      "mode": "managed",
      "type": "aws_launch_template",
      "name": "aws_prod_bastionhost",
      "provider": "provider[\"registry.terraform.io/hashicorp/aws\"]",
      "instances": [
        {
          "schema_version": 0,
          "attributes": {
            "arn": "arn:aws:ec2:us-east-1:456116895541:launch-template/lt-012d62f72039c9073",
            "block_device_mappings": [],
            "capacity_reservation_specification": [],
            "cpu_options": [],
            "credit_specification": [],
            "default_version": 1,
            "description": "",
            "disable_api_stop": false,
            "disable_api_termination": false,
            "ebs_optimized": "",
            "elastic_gpu_specifications": [],
            "elastic_inference_accelerator": [],
            "enclave_options": [],
            "hibernation_options": [],
            "iam_instance_profile": [],
            "id": "lt-012d62f72039c9073",
            "image_id": "ami-05f408238af346b4f",
            "instance_initiated_shutdown_behavior": "",
            "instance_market_options": [],
            "instance_requirements": [],
            "instance_type": "t2.micro",
            "kernel_id": "",
            "key_name": "AwsProdKeyPair",
            "latest_version": 1,
            "license_specification": [],
            "maintenance_options": [],
            "metadata_options": [],
            "monitoring": [],
            "name": "awsprod_bastionhost20230414060356955300000002",
            "name_prefix": "awsprod_bastionhost",
            "network_interfaces": [],
            "placement": [],
            "private_dns_name_options": [],
            "ram_disk_id": "",
            "security_group_names": null,
            "tag_specifications": [],
            "tags": {
              "Name": "aws-prod-bastionhost"
            },
            "tags_all": {
              "Name": "aws-prod-bastionhost"
            },
            "update_default_version": null,
            "user_data": "",
            "vpc_security_group_ids": [
              "sg-0d0a46f5d5ca9bbf6"
            ]
          },
          "sensitive_attributes": [
            [
              {
                "type": "get_attr",
                "value": "image_id"
              }
            ]
          ],
          "private": "bnVsbA==",
          "dependencies": [
            "module.resources.aws_security_group.awsprod_bastionhost_sg",
            "module.resources.aws_vpc.awsprod_vpc",
            "module.resources.data.aws_ssm_parameter.aws-prod-ami",
            "module.resources.random_integer.random"
          ]
        }
      ]
    },
    {
      "module": "module.resources",
      "mode": "managed",
      "type": "aws_launch_template",
      "name": "awsprod_app",
      "provider": "provider[\"registry.terraform.io/hashicorp/aws\"]",
      "instances": [
        {
          "schema_version": 0,
          "attributes": {
            "arn": "arn:aws:ec2:us-east-1:456116895541:launch-template/lt-05739f28c26d8478f",
            "block_device_mappings": [],
            "capacity_reservation_specification": [],
            "cpu_options": [],
            "credit_specification": [],
            "default_version": 1,
            "description": "",
            "disable_api_stop": false,
            "disable_api_termination": false,
            "ebs_optimized": "",
            "elastic_gpu_specifications": [],
            "elastic_inference_accelerator": [],
            "enclave_options": [],
            "hibernation_options": [],
            "iam_instance_profile": [],
            "id": "lt-05739f28c26d8478f",
            "image_id": "ami-05f408238af346b4f",
            "instance_initiated_shutdown_behavior": "",
            "instance_market_options": [],
            "instance_requirements": [],
            "instance_type": "t2.micro",
            "kernel_id": "",
            "key_name": "AwsProdKeyPair",
            "latest_version": 1,
            "license_specification": [],
            "maintenance_options": [],
            "metadata_options": [],
            "monitoring": [],
            "name": "awsprod_app20230414060359842700000004",
            "name_prefix": "awsprod_app",
            "network_interfaces": [],
            "placement": [],
            "private_dns_name_options": [],
            "ram_disk_id": "",
            "security_group_names": null,
            "tag_specifications": [],
            "tags": {
              "Name": "aws-prod-app"
            },
            "tags_all": {
              "Name": "aws-prod-app"
            },
            "update_default_version": null,
            "user_data": "IyEvYmluL2Jhc2gKeXVtIHVwZGF0ZSAteQp5dW0gaW5zdGFsbCAteSBodHRwZApzeXN0ZW1jdGwgc3RhcnQgaHR0cGQKc3lzdGVtY3RsIGVuYWJsZSBodHRwZAplY2hvICJIZWxsbyBXb3JsZCBmcm9tICQoaG9zdG5hbWUgLWYpIiA+IC92YXIvd3d3L2h0bWwvaW5kZXguaHRtbA==",
            "vpc_security_group_ids": [
              "sg-0818ecde858e4a9e4"
            ]
          },
          "sensitive_attributes": [
            [
              {
                "type": "get_attr",
                "value": "image_id"
              }
            ]
          ],
          "private": "bnVsbA==",
          "dependencies": [
            "module.resources.aws_security_group.awsprod_bastionhost_sg",
            "module.resources.aws_security_group.awsprod_frontend_app_sg",
            "module.resources.aws_security_group.awsprod_lb_sg",
            "module.resources.aws_vpc.awsprod_vpc",
            "module.resources.data.aws_ssm_parameter.aws-prod-ami",
            "module.resources.random_integer.random"
          ]
        }
      ]
    },
    {
      "module": "module.resources",
      "mode": "managed",
      "type": "aws_launch_template",
      "name": "awsprod_backend",
      "provider": "provider[\"registry.terraform.io/hashicorp/aws\"]",
      "instances": [
        {
          "schema_version": 0,
          "attributes": {
            "arn": "arn:aws:ec2:us-east-1:456116895541:launch-template/lt-016903e2fc7997302",
            "block_device_mappings": [],
            "capacity_reservation_specification": [],
            "cpu_options": [],
            "credit_specification": [],
            "default_version": 1,
            "description": "",
            "disable_api_stop": false,
            "disable_api_termination": false,
            "ebs_optimized": "",
            "elastic_gpu_specifications": [],
            "elastic_inference_accelerator": [],
            "enclave_options": [],
            "hibernation_options": [],
            "iam_instance_profile": [],
            "id": "lt-016903e2fc7997302",
            "image_id": "ami-05f408238af346b4f",
            "instance_initiated_shutdown_behavior": "",
            "instance_market_options": [],
            "instance_requirements": [],
            "instance_type": "t2.micro",
            "kernel_id": "",
            "key_name": "AwsProdKeyPair",
            "latest_version": 1,
            "license_specification": [],
            "maintenance_options": [],
            "metadata_options": [],
            "monitoring": [],
            "name": "awsprod_backend20230414060402463600000006",
            "name_prefix": "awsprod_backend",
            "network_interfaces": [],
            "placement": [],
            "private_dns_name_options": [],
            "ram_disk_id": "",
            "security_group_names": null,
            "tag_specifications": [],
            "tags": {
              "Name": "aws-prod-backend"
            },
            "tags_all": {
              "Name": "aws-prod-backend"
            },
            "update_default_version": null,
            "user_data": "IyEgL2Jpbi9iYXNoCnl1bSB1cGRhdGUgLXkKeXVtIC15IGluc3RhbGwgY3VybAp5dW0gaW5zdGFsbCAteSBnY2MtYysrIG1ha2UKY3VybCAtc0wgaHR0cHM6Ly9ycG0ubm9kZXNvdXJjZS5jb20vc2V0dXBfMTYueCB8IGJhc2ggLQp5dW0gaW5zdGFsbCAteSBub2RlanM=",
            "vpc_security_group_ids": [
              "sg-08dae165548ea4483"
            ]
          },
          "sensitive_attributes": [
            [
              {
                "type": "get_attr",
                "value": "image_id"
              }
            ]
          ],
          "private": "bnVsbA==",
          "dependencies": [
            "module.resources.aws_security_group.awsprod_backend_app_sg",
            "module.resources.aws_security_group.awsprod_bastionhost_sg",
            "module.resources.aws_security_group.awsprod_frontend_app_sg",
            "module.resources.aws_security_group.awsprod_lb_sg",
            "module.resources.aws_vpc.awsprod_vpc",
            "module.resources.data.aws_ssm_parameter.aws-prod-ami",
            "module.resources.random_integer.random"
          ]
        }
      ]
    },
    {
      "module": "module.resources",
      "mode": "managed",
      "type": "aws_lb",
      "name": "awsprod_lb",
      "provider": "provider[\"registry.terraform.io/hashicorp/aws\"]",
      "instances": [
        {
          "schema_version": 0,
          "attributes": {
            "access_logs": [
              {
                "bucket": "",
                "enabled": false,
                "prefix": ""
              }
            ],
            "arn": "arn:aws:elasticloadbalancing:us-east-1:456116895541:loadbalancer/app/awsprod-loadbalancer/ed0c3a04999fc403",
            "arn_suffix": "app/awsprod-loadbalancer/ed0c3a04999fc403",
            "customer_owned_ipv4_pool": "",
            "desync_mitigation_mode": "defensive",
            "dns_name": "awsprod-loadbalancer-1494059069.us-east-1.elb.amazonaws.com",
            "drop_invalid_header_fields": false,
            "enable_cross_zone_load_balancing": true,
            "enable_deletion_protection": false,
            "enable_http2": true,
            "enable_tls_version_and_cipher_suite_headers": false,
            "enable_waf_fail_open": false,
            "enable_xff_client_port": false,
            "id": "arn:aws:elasticloadbalancing:us-east-1:456116895541:loadbalancer/app/awsprod-loadbalancer/ed0c3a04999fc403",
            "idle_timeout": 400,
            "internal": false,
            "ip_address_type": "ipv4",
            "load_balancer_type": "application",
            "name": "awsprod-loadbalancer",
            "name_prefix": null,
            "preserve_host_header": false,
            "security_groups": [
              "sg-0dd79b62ba2ad590b"
            ],
            "subnet_mapping": [
              {
                "allocation_id": "",
                "ipv6_address": "",
                "outpost_id": "",
                "private_ipv4_address": "",
                "subnet_id": "subnet-03295f11d6a8cc59c"
              },
              {
                "allocation_id": "",
                "ipv6_address": "",
                "outpost_id": "",
                "private_ipv4_address": "",
                "subnet_id": "subnet-090f64be492cfc8bf"
              }
            ],
            "subnets": [
              "subnet-03295f11d6a8cc59c",
              "subnet-090f64be492cfc8bf"
            ],
            "tags": null,
            "tags_all": {},
            "timeouts": null,
            "vpc_id": "vpc-06c9306932451d8ad",
            "xff_header_processing_mode": "append",
            "zone_id": "Z35SXDOTRQ7X7K"
          },
          "sensitive_attributes": [],
          "private": "eyJlMmJmYjczMC1lY2FhLTExZTYtOGY4OC0zNDM2M2JjN2M0YzAiOnsiY3JlYXRlIjo2MDAwMDAwMDAwMDAsImRlbGV0ZSI6NjAwMDAwMDAwMDAwLCJ1cGRhdGUiOjYwMDAwMDAwMDAwMH19",
          "dependencies": [
            "module.resources.aws_autoscaling_group.awsprod_app",
            "module.resources.aws_launch_template.awsprod_app",
            "module.resources.aws_lb_target_group.awsprod_tg",
            "module.resources.aws_security_group.awsprod_bastionhost_sg",
            "module.resources.aws_security_group.awsprod_frontend_app_sg",
            "module.resources.aws_security_group.awsprod_lb_sg",
            "module.resources.aws_subnet.awsprod_private_subnets",
            "module.resources.aws_subnet.awsprod_public_subnets",
            "module.resources.aws_vpc.awsprod_vpc",
            "module.resources.data.aws_availability_zones.available",
            "module.resources.data.aws_lb_target_group.awsprod_tg",
            "module.resources.data.aws_ssm_parameter.aws-prod-ami",
            "module.resources.random_integer.random"
          ]
        }
      ]
    },
    {
      "module": "module.resources",
      "mode": "managed",
      "type": "aws_lb_listener",
      "name": "awsprod_lb_listener",
      "provider": "provider[\"registry.terraform.io/hashicorp/aws\"]",
      "instances": [
        {
          "schema_version": 0,
          "attributes": {
            "alpn_policy": null,
            "arn": "arn:aws:elasticloadbalancing:us-east-1:456116895541:listener/app/awsprod-loadbalancer/ed0c3a04999fc403/7cac857ad991b25f",
            "certificate_arn": null,
            "default_action": [
              {
                "authenticate_cognito": [],
                "authenticate_oidc": [],
                "fixed_response": [],
                "forward": [],
                "order": 1,
                "redirect": [],
                "target_group_arn": "arn:aws:elasticloadbalancing:us-east-1:456116895541:targetgroup/awsprod-lb-tg-6e2/bb578618e756038d",
                "type": "forward"
              }
            ],
            "id": "arn:aws:elasticloadbalancing:us-east-1:456116895541:listener/app/awsprod-loadbalancer/ed0c3a04999fc403/7cac857ad991b25f",
            "load_balancer_arn": "arn:aws:elasticloadbalancing:us-east-1:456116895541:loadbalancer/app/awsprod-loadbalancer/ed0c3a04999fc403",
            "port": 80,
            "protocol": "HTTP",
            "ssl_policy": "",
            "tags": null,
            "tags_all": {},
            "timeouts": null
          },
          "sensitive_attributes": [],
          "private": "eyJlMmJmYjczMC1lY2FhLTExZTYtOGY4OC0zNDM2M2JjN2M0YzAiOnsicmVhZCI6NjAwMDAwMDAwMDAwfX0=",
          "dependencies": [
            "module.resources.aws_autoscaling_group.awsprod_app",
            "module.resources.aws_launch_template.awsprod_app",
            "module.resources.aws_lb.awsprod_lb",
            "module.resources.aws_lb_target_group.awsprod_tg",
            "module.resources.aws_security_group.awsprod_bastionhost_sg",
            "module.resources.aws_security_group.awsprod_frontend_app_sg",
            "module.resources.aws_security_group.awsprod_lb_sg",
            "module.resources.aws_subnet.awsprod_private_subnets",
            "module.resources.aws_subnet.awsprod_public_subnets",
            "module.resources.aws_vpc.awsprod_vpc",
            "module.resources.data.aws_availability_zones.available",
            "module.resources.data.aws_lb_target_group.awsprod_tg",
            "module.resources.data.aws_ssm_parameter.aws-prod-ami",
            "module.resources.random_integer.random"
          ]
        }
      ]
    },
    {
      "module": "module.resources",
      "mode": "managed",
      "type": "aws_lb_target_group",
      "name": "awsprod_tg",
      "provider": "provider[\"registry.terraform.io/hashicorp/aws\"]",
      "instances": [
        {
          "schema_version": 0,
          "attributes": {
            "arn": "arn:aws:elasticloadbalancing:us-east-1:456116895541:targetgroup/awsprod-lb-tg-6e2/bb578618e756038d",
            "arn_suffix": "targetgroup/awsprod-lb-tg-6e2/bb578618e756038d",
            "connection_termination": false,
            "deregistration_delay": "300",
            "health_check": [
              {
                "enabled": true,
                "healthy_threshold": 5,
                "interval": 30,
                "matcher": "200",
                "path": "/",
                "port": "traffic-port",
                "protocol": "HTTP",
                "timeout": 5,
                "unhealthy_threshold": 2
              }
            ],
            "id": "arn:aws:elasticloadbalancing:us-east-1:456116895541:targetgroup/awsprod-lb-tg-6e2/bb578618e756038d",
            "ip_address_type": "ipv4",
            "lambda_multi_value_headers_enabled": false,
            "load_balancing_algorithm_type": "round_robin",
            "load_balancing_cross_zone_enabled": "use_load_balancer_configuration",
            "name": "awsprod-lb-tg-6e2",
            "name_prefix": null,
            "port": 80,
            "preserve_client_ip": null,
            "protocol": "HTTP",
            "protocol_version": "HTTP1",
            "proxy_protocol_v2": false,
            "slow_start": 0,
            "stickiness": [
              {
                "cookie_duration": 86400,
                "cookie_name": "",
                "enabled": false,
                "type": "lb_cookie"
              }
            ],
            "tags": null,
            "tags_all": {},
            "target_failover": [
              {
                "on_deregistration": null,
                "on_unhealthy": null
              }
            ],
            "target_type": "instance",
            "vpc_id": "vpc-06c9306932451d8ad"
          },
          "sensitive_attributes": [],
          "private": "bnVsbA==",
          "dependencies": [
            "module.resources.aws_vpc.awsprod_vpc",
            "module.resources.random_integer.random"
          ],
          "create_before_destroy": true
        }
      ]
    },
    {
      "module": "module.resources",
      "mode": "managed",
      "type": "aws_nat_gateway",
      "name": "awsprod_ngw",
      "provider": "provider[\"registry.terraform.io/hashicorp/aws\"]",
      "instances": [
        {
          "schema_version": 0,
          "attributes": {
            "allocation_id": "eipalloc-02d5f26ef0a4d756b",
            "association_id": "eipassoc-01c6ff2787f6b143a",
            "connectivity_type": "public",
            "id": "nat-08c6dfcadc5ed6946",
            "network_interface_id": "eni-028f4d443b076200e",
            "private_ip": "10.1.11.178",
            "public_ip": "18.209.88.12",
            "subnet_id": "subnet-03295f11d6a8cc59c",
            "tags": null,
            "tags_all": {}
          },
          "sensitive_attributes": [],
          "private": "bnVsbA==",
          "dependencies": [
            "module.resources.aws_eip.awsprod_nat_eip",
            "module.resources.aws_subnet.awsprod_public_subnets",
            "module.resources.aws_vpc.awsprod_vpc",
            "module.resources.data.aws_availability_zones.available",
            "module.resources.random_integer.random"
          ]
        }
      ]
    },
    {
      "module": "module.resources",
      "mode": "managed",
      "type": "aws_route",
      "name": "default_private_route",
      "provider": "provider[\"registry.terraform.io/hashicorp/aws\"]",
      "instances": [
        {
          "schema_version": 0,
          "attributes": {
            "carrier_gateway_id": "",
            "core_network_arn": "",
            "destination_cidr_block": "0.0.0.0/0",
            "destination_ipv6_cidr_block": "",
            "destination_prefix_list_id": "",
            "egress_only_gateway_id": "",
            "gateway_id": "",
            "id": "r-rtb-0fa61201162524eb21080289494",
            "instance_id": "",
            "instance_owner_id": "",
            "local_gateway_id": "",
            "nat_gateway_id": "nat-08c6dfcadc5ed6946",
            "network_interface_id": "",
            "origin": "CreateRoute",
            "route_table_id": "rtb-0fa61201162524eb2",
            "state": "active",
            "timeouts": null,
            "transit_gateway_id": "",
            "vpc_endpoint_id": "",
            "vpc_peering_connection_id": ""
          },
          "sensitive_attributes": [],
          "private": "eyJlMmJmYjczMC1lY2FhLTExZTYtOGY4OC0zNDM2M2JjN2M0YzAiOnsiY3JlYXRlIjozMDAwMDAwMDAwMDAsImRlbGV0ZSI6MzAwMDAwMDAwMDAwLCJ1cGRhdGUiOjEyMDAwMDAwMDAwMH19",
          "dependencies": [
            "module.resources.aws_eip.awsprod_nat_eip",
            "module.resources.aws_nat_gateway.awsprod_ngw",
            "module.resources.aws_route_table.awsprod_private_rt",
            "module.resources.aws_subnet.awsprod_public_subnets",
            "module.resources.aws_vpc.awsprod_vpc",
            "module.resources.data.aws_availability_zones.available",
            "module.resources.random_integer.random"
          ]
        }
      ]
    },
    {
      "module": "module.resources",
      "mode": "managed",
      "type": "aws_route",
      "name": "default_public_route",
      "provider": "provider[\"registry.terraform.io/hashicorp/aws\"]",
      "instances": [
        {
          "schema_version": 0,
          "attributes": {
            "carrier_gateway_id": "",
            "core_network_arn": "",
            "destination_cidr_block": "0.0.0.0/0",
            "destination_ipv6_cidr_block": "",
            "destination_prefix_list_id": "",
            "egress_only_gateway_id": "",
            "gateway_id": "igw-05d6e3a0de8a23d1b",
            "id": "r-rtb-08e217b9181a87c121080289494",
            "instance_id": "",
            "instance_owner_id": "",
            "local_gateway_id": "",
            "nat_gateway_id": "",
            "network_interface_id": "",
            "origin": "CreateRoute",
            "route_table_id": "rtb-08e217b9181a87c12",
            "state": "active",
            "timeouts": null,
            "transit_gateway_id": "",
            "vpc_endpoint_id": "",
            "vpc_peering_connection_id": ""
          },
          "sensitive_attributes": [],
          "private": "eyJlMmJmYjczMC1lY2FhLTExZTYtOGY4OC0zNDM2M2JjN2M0YzAiOnsiY3JlYXRlIjozMDAwMDAwMDAwMDAsImRlbGV0ZSI6MzAwMDAwMDAwMDAwLCJ1cGRhdGUiOjEyMDAwMDAwMDAwMH19",
          "dependencies": [
            "module.resources.aws_internet_gateway.awsprod_internet_gateway",
            "module.resources.aws_route_table.awsprod_public_rt",
            "module.resources.aws_vpc.awsprod_vpc",
            "module.resources.random_integer.random"
          ]
        }
      ]
    },
    {
      "module": "module.resources",
      "mode": "managed",
      "type": "aws_route53_record",
      "name": "root",
      "provider": "provider[\"registry.terraform.io/hashicorp/aws\"]",
      "instances": [
        {
          "schema_version": 2,
          "attributes": {
            "alias": [
              {
                "evaluate_target_health": true,
                "name": "awsprod-loadbalancer-1494059069.us-east-1.elb.amazonaws.com",
                "zone_id": "Z35SXDOTRQ7X7K"
              }
            ],
            "allow_overwrite": null,
            "cidr_routing_policy": [],
            "failover_routing_policy": [],
            "fqdn": "illusiveidea.com",
            "geolocation_routing_policy": [],
            "health_check_id": "",
            "id": "Z00415563S1PBUGOHQEQP_illusiveidea.com_A",
            "latency_routing_policy": [],
            "multivalue_answer_routing_policy": false,
            "name": "illusiveidea.com",
            "records": null,
            "set_identifier": "",
            "ttl": 0,
            "type": "A",
            "weighted_routing_policy": [],
            "zone_id": "Z00415563S1PBUGOHQEQP"
          },
          "sensitive_attributes": [],
          "private": "eyJzY2hlbWFfdmVyc2lvbiI6IjIifQ==",
          "dependencies": [
            "module.resources.aws_autoscaling_group.awsprod_app",
            "module.resources.aws_launch_template.awsprod_app",
            "module.resources.aws_lb.awsprod_lb",
            "module.resources.aws_lb_target_group.awsprod_tg",
            "module.resources.aws_route53_zone.primary",
            "module.resources.aws_security_group.awsprod_bastionhost_sg",
            "module.resources.aws_security_group.awsprod_frontend_app_sg",
            "module.resources.aws_security_group.awsprod_lb_sg",
            "module.resources.aws_subnet.awsprod_private_subnets",
            "module.resources.aws_subnet.awsprod_public_subnets",
            "module.resources.aws_vpc.awsprod_vpc",
            "module.resources.data.aws_availability_zones.available",
            "module.resources.data.aws_lb_target_group.awsprod_tg",
            "module.resources.data.aws_ssm_parameter.aws-prod-ami",
            "module.resources.random_integer.random"
          ]
        }
      ]
    },
    {
      "module": "module.resources",
      "mode": "managed",
      "type": "aws_route53_zone",
      "name": "primary",
      "provider": "provider[\"registry.terraform.io/hashicorp/aws\"]",
      "instances": [
        {
          "schema_version": 0,
          "attributes": {
            "arn": "arn:aws:route53:::hostedzone/Z00415563S1PBUGOHQEQP",
            "comment": "Managed by Terraform",
            "delegation_set_id": "",
            "force_destroy": false,
            "id": "Z00415563S1PBUGOHQEQP",
            "name": "illusiveidea.com",
            "name_servers": [
              "ns-1373.awsdns-43.org",
              "ns-1744.awsdns-26.co.uk",
              "ns-368.awsdns-46.com",
              "ns-558.awsdns-05.net"
            ],
            "primary_name_server": "ns-558.awsdns-05.net",
            "tags": null,
            "tags_all": {},
            "vpc": [],
            "zone_id": "Z00415563S1PBUGOHQEQP"
          },
          "sensitive_attributes": [],
          "private": "bnVsbA=="
        }
      ]
    },
    {
      "module": "module.resources",
      "mode": "managed",
      "type": "aws_route_table",
      "name": "awsprod_private_rt",
      "provider": "provider[\"registry.terraform.io/hashicorp/aws\"]",
      "instances": [
        {
          "schema_version": 0,
          "attributes": {
            "arn": "arn:aws:ec2:us-east-1:456116895541:route-table/rtb-0fa61201162524eb2",
            "id": "rtb-0fa61201162524eb2",
            "owner_id": "456116895541",
            "propagating_vgws": [],
            "route": [],
            "tags": {
              "Name": "awsprod_private"
            },
            "tags_all": {
              "Name": "awsprod_private"
            },
            "timeouts": null,
            "vpc_id": "vpc-06c9306932451d8ad"
          },
          "sensitive_attributes": [],
          "private": "eyJlMmJmYjczMC1lY2FhLTExZTYtOGY4OC0zNDM2M2JjN2M0YzAiOnsiY3JlYXRlIjozMDAwMDAwMDAwMDAsImRlbGV0ZSI6MzAwMDAwMDAwMDAwLCJ1cGRhdGUiOjEyMDAwMDAwMDAwMH19",
          "dependencies": [
            "module.resources.aws_vpc.awsprod_vpc",
            "module.resources.random_integer.random"
          ]
        }
      ]
    },
    {
      "module": "module.resources",
      "mode": "managed",
      "type": "aws_route_table",
      "name": "awsprod_public_rt",
      "provider": "provider[\"registry.terraform.io/hashicorp/aws\"]",
      "instances": [
        {
          "schema_version": 0,
          "attributes": {
            "arn": "arn:aws:ec2:us-east-1:456116895541:route-table/rtb-08e217b9181a87c12",
            "id": "rtb-08e217b9181a87c12",
            "owner_id": "456116895541",
            "propagating_vgws": [],
            "route": [],
            "tags": {
              "Name": "awsprod_public"
            },
            "tags_all": {
              "Name": "awsprod_public"
            },
            "timeouts": null,
            "vpc_id": "vpc-06c9306932451d8ad"
          },
          "sensitive_attributes": [],
          "private": "eyJlMmJmYjczMC1lY2FhLTExZTYtOGY4OC0zNDM2M2JjN2M0YzAiOnsiY3JlYXRlIjozMDAwMDAwMDAwMDAsImRlbGV0ZSI6MzAwMDAwMDAwMDAwLCJ1cGRhdGUiOjEyMDAwMDAwMDAwMH19",
          "dependencies": [
            "module.resources.aws_vpc.awsprod_vpc",
            "module.resources.random_integer.random"
          ]
        }
      ]
    },
    {
      "module": "module.resources",
      "mode": "managed",
      "type": "aws_route_table_association",
      "name": "awsprod_private_assoc",
      "provider": "provider[\"registry.terraform.io/hashicorp/aws\"]",
      "instances": [
        {
          "index_key": 0,
          "schema_version": 0,
          "attributes": {
            "gateway_id": "",
            "id": "rtbassoc-03c93330ca689da40",
            "route_table_id": "rtb-0fa61201162524eb2",
            "subnet_id": "subnet-0536c952dc3465b6a"
          },
          "sensitive_attributes": [],
          "private": "bnVsbA==",
          "dependencies": [
            "module.resources.aws_route_table.awsprod_private_rt",
            "module.resources.aws_subnet.awsprod_private_subnets",
            "module.resources.aws_vpc.awsprod_vpc",
            "module.resources.data.aws_availability_zones.available",
            "module.resources.random_integer.random"
          ]
        },
        {
          "index_key": 1,
          "schema_version": 0,
          "attributes": {
            "gateway_id": "",
            "id": "rtbassoc-0383977e9659c500a",
            "route_table_id": "rtb-0fa61201162524eb2",
            "subnet_id": "subnet-0c40004a1ad2ca89f"
          },
          "sensitive_attributes": [],
          "private": "bnVsbA==",
          "dependencies": [
            "module.resources.aws_route_table.awsprod_private_rt",
            "module.resources.aws_subnet.awsprod_private_subnets",
            "module.resources.aws_vpc.awsprod_vpc",
            "module.resources.data.aws_availability_zones.available",
            "module.resources.random_integer.random"
          ]
        }
      ]
    },
    {
      "module": "module.resources",
      "mode": "managed",
      "type": "aws_route_table_association",
      "name": "awsprod_public_assoc",
      "provider": "provider[\"registry.terraform.io/hashicorp/aws\"]",
      "instances": [
        {
          "index_key": 0,
          "schema_version": 0,
          "attributes": {
            "gateway_id": "",
            "id": "rtbassoc-06ce02c8c215395ca",
            "route_table_id": "rtb-08e217b9181a87c12",
            "subnet_id": "subnet-090f64be492cfc8bf"
          },
          "sensitive_attributes": [],
          "private": "bnVsbA==",
          "dependencies": [
            "module.resources.aws_route_table.awsprod_public_rt",
            "module.resources.aws_subnet.awsprod_public_subnets",
            "module.resources.aws_vpc.awsprod_vpc",
            "module.resources.data.aws_availability_zones.available",
            "module.resources.random_integer.random"
          ]
        },
        {
          "index_key": 1,
          "schema_version": 0,
          "attributes": {
            "gateway_id": "",
            "id": "rtbassoc-00272b69b62a0e669",
            "route_table_id": "rtb-08e217b9181a87c12",
            "subnet_id": "subnet-03295f11d6a8cc59c"
          },
          "sensitive_attributes": [],
          "private": "bnVsbA==",
          "dependencies": [
            "module.resources.aws_route_table.awsprod_public_rt",
            "module.resources.aws_subnet.awsprod_public_subnets",
            "module.resources.aws_vpc.awsprod_vpc",
            "module.resources.data.aws_availability_zones.available",
            "module.resources.random_integer.random"
          ]
        }
      ]
    },
    {
      "module": "module.resources",
      "mode": "managed",
      "type": "aws_security_group",
      "name": "awsprod_backend_app_sg",
      "provider": "provider[\"registry.terraform.io/hashicorp/aws\"]",
      "instances": [
        {
          "schema_version": 1,
          "attributes": {
            "arn": "arn:aws:ec2:us-east-1:456116895541:security-group/sg-08dae165548ea4483",
            "description": "Allow Inbound HTTP from FRONTEND APP, and SSH inbound traffic from Bastion",
            "egress": [
              {
                "cidr_blocks": [
                  "0.0.0.0/0"
                ],
                "description": "",
                "from_port": 0,
                "ipv6_cidr_blocks": [],
                "prefix_list_ids": [],
                "protocol": "-1",
                "security_groups": [],
                "self": false,
                "to_port": 0
              }
            ],
            "id": "sg-08dae165548ea4483",
            "ingress": [
              {
                "cidr_blocks": [],
                "description": "",
                "from_port": 22,
                "ipv6_cidr_blocks": [],
                "prefix_list_ids": [],
                "protocol": "tcp",
                "security_groups": [
                  "sg-0d0a46f5d5ca9bbf6"
                ],
                "self": false,
                "to_port": 22
              },
              {
                "cidr_blocks": [],
                "description": "",
                "from_port": 80,
                "ipv6_cidr_blocks": [],
                "prefix_list_ids": [],
                "protocol": "tcp",
                "security_groups": [
                  "sg-0818ecde858e4a9e4"
                ],
                "self": false,
                "to_port": 80
              }
            ],
            "name": "awsprod_backend_app_sg",
            "name_prefix": "",
            "owner_id": "456116895541",
            "revoke_rules_on_delete": false,
            "tags": null,
            "tags_all": {},
            "timeouts": null,
            "vpc_id": "vpc-06c9306932451d8ad"
          },
          "sensitive_attributes": [],
          "private": "eyJlMmJmYjczMC1lY2FhLTExZTYtOGY4OC0zNDM2M2JjN2M0YzAiOnsiY3JlYXRlIjo2MDAwMDAwMDAwMDAsImRlbGV0ZSI6OTAwMDAwMDAwMDAwfSwic2NoZW1hX3ZlcnNpb24iOiIxIn0=",
          "dependencies": [
            "module.resources.aws_security_group.awsprod_bastionhost_sg",
            "module.resources.aws_security_group.awsprod_frontend_app_sg",
            "module.resources.aws_security_group.awsprod_lb_sg",
            "module.resources.aws_vpc.awsprod_vpc",
            "module.resources.random_integer.random"
          ]
        }
      ]
    },
    {
      "module": "module.resources",
      "mode": "managed",
      "type": "aws_security_group",
      "name": "awsprod_bastionhost_sg",
      "provider": "provider[\"registry.terraform.io/hashicorp/aws\"]",
      "instances": [
        {
          "schema_version": 1,
          "attributes": {
            "arn": "arn:aws:ec2:us-east-1:456116895541:security-group/sg-0d0a46f5d5ca9bbf6",
            "description": "Allow SSH Inbound Traffic From Set IP",
            "egress": [
              {
                "cidr_blocks": [
                  "0.0.0.0/0"
                ],
                "description": "",
                "from_port": 0,
                "ipv6_cidr_blocks": [],
                "prefix_list_ids": [],
                "protocol": "-1",
                "security_groups": [],
                "self": false,
                "to_port": 0
              }
            ],
            "id": "sg-0d0a46f5d5ca9bbf6",
            "ingress": [
              {
                "cidr_blocks": [
                  "0.0.0.0/0"
                ],
                "description": "",
                "from_port": 22,
                "ipv6_cidr_blocks": [],
                "prefix_list_ids": [],
                "protocol": "tcp",
                "security_groups": [],
                "self": false,
                "to_port": 22
              }
            ],
            "name": "awsprod_bastionhost_sg",
            "name_prefix": "",
            "owner_id": "456116895541",
            "revoke_rules_on_delete": false,
            "tags": null,
            "tags_all": {},
            "timeouts": null,
            "vpc_id": "vpc-06c9306932451d8ad"
          },
          "sensitive_attributes": [],
          "private": "eyJlMmJmYjczMC1lY2FhLTExZTYtOGY4OC0zNDM2M2JjN2M0YzAiOnsiY3JlYXRlIjo2MDAwMDAwMDAwMDAsImRlbGV0ZSI6OTAwMDAwMDAwMDAwfSwic2NoZW1hX3ZlcnNpb24iOiIxIn0=",
          "dependencies": [
            "module.resources.aws_vpc.awsprod_vpc",
            "module.resources.random_integer.random"
          ]
        }
      ]
    },
    {
      "module": "module.resources",
      "mode": "managed",
      "type": "aws_security_group",
      "name": "awsprod_frontend_app_sg",
      "provider": "provider[\"registry.terraform.io/hashicorp/aws\"]",
      "instances": [
        {
          "schema_version": 1,
          "attributes": {
            "arn": "arn:aws:ec2:us-east-1:456116895541:security-group/sg-0818ecde858e4a9e4",
            "description": "Allow SSH inbound traffic from Bastion, and HTTP inbound traffic from loadbalancer",
            "egress": [
              {
                "cidr_blocks": [
                  "0.0.0.0/0"
                ],
                "description": "",
                "from_port": 0,
                "ipv6_cidr_blocks": [],
                "prefix_list_ids": [],
                "protocol": "-1",
                "security_groups": [],
                "self": false,
                "to_port": 0
              }
            ],
            "id": "sg-0818ecde858e4a9e4",
            "ingress": [
              {
                "cidr_blocks": [],
                "description": "",
                "from_port": 22,
                "ipv6_cidr_blocks": [],
                "prefix_list_ids": [],
                "protocol": "tcp",
                "security_groups": [
                  "sg-0d0a46f5d5ca9bbf6"
                ],
                "self": false,
                "to_port": 22
              },
              {
                "cidr_blocks": [],
                "description": "",
                "from_port": 80,
                "ipv6_cidr_blocks": [],
                "prefix_list_ids": [],
                "protocol": "tcp",
                "security_groups": [
                  "sg-0dd79b62ba2ad590b"
                ],
                "self": false,
                "to_port": 80
              }
            ],
            "name": "awsprod_frontend_app_sg",
            "name_prefix": "",
            "owner_id": "456116895541",
            "revoke_rules_on_delete": false,
            "tags": null,
            "tags_all": {},
            "timeouts": null,
            "vpc_id": "vpc-06c9306932451d8ad"
          },
          "sensitive_attributes": [],
          "private": "eyJlMmJmYjczMC1lY2FhLTExZTYtOGY4OC0zNDM2M2JjN2M0YzAiOnsiY3JlYXRlIjo2MDAwMDAwMDAwMDAsImRlbGV0ZSI6OTAwMDAwMDAwMDAwfSwic2NoZW1hX3ZlcnNpb24iOiIxIn0=",
          "dependencies": [
            "module.resources.aws_security_group.awsprod_bastionhost_sg",
            "module.resources.aws_security_group.awsprod_lb_sg",
            "module.resources.aws_vpc.awsprod_vpc",
            "module.resources.random_integer.random"
          ]
        }
      ]
    },
    {
      "module": "module.resources",
      "mode": "managed",
      "type": "aws_security_group",
      "name": "awsprod_lb_sg",
      "provider": "provider[\"registry.terraform.io/hashicorp/aws\"]",
      "instances": [
        {
          "schema_version": 1,
          "attributes": {
            "arn": "arn:aws:ec2:us-east-1:456116895541:security-group/sg-0dd79b62ba2ad590b",
            "description": "Allow Inbound HTTP Traffic",
            "egress": [
              {
                "cidr_blocks": [
                  "0.0.0.0/0"
                ],
                "description": "",
                "from_port": 0,
                "ipv6_cidr_blocks": [],
                "prefix_list_ids": [],
                "protocol": "-1",
                "security_groups": [],
                "self": false,
                "to_port": 0
              }
            ],
            "id": "sg-0dd79b62ba2ad590b",
            "ingress": [
              {
                "cidr_blocks": [
                  "0.0.0.0/0"
                ],
                "description": "",
                "from_port": 80,
                "ipv6_cidr_blocks": [],
                "prefix_list_ids": [],
                "protocol": "tcp",
                "security_groups": [],
                "self": false,
                "to_port": 80
              }
            ],
            "name": "awsprod_lb_sg",
            "name_prefix": "",
            "owner_id": "456116895541",
            "revoke_rules_on_delete": false,
            "tags": null,
            "tags_all": {},
            "timeouts": null,
            "vpc_id": "vpc-06c9306932451d8ad"
          },
          "sensitive_attributes": [],
          "private": "eyJlMmJmYjczMC1lY2FhLTExZTYtOGY4OC0zNDM2M2JjN2M0YzAiOnsiY3JlYXRlIjo2MDAwMDAwMDAwMDAsImRlbGV0ZSI6OTAwMDAwMDAwMDAwfSwic2NoZW1hX3ZlcnNpb24iOiIxIn0=",
          "dependencies": [
            "module.resources.aws_vpc.awsprod_vpc",
            "module.resources.random_integer.random"
          ]
        }
      ]
    },
    {
      "module": "module.resources",
      "mode": "managed",
      "type": "aws_security_group",
      "name": "awsprod_rds_sg",
      "provider": "provider[\"registry.terraform.io/hashicorp/aws\"]",
      "instances": [
        {
          "schema_version": 1,
          "attributes": {
            "arn": "arn:aws:ec2:us-east-1:456116895541:security-group/sg-0f5e507d11d850541",
            "description": "Allow MySQL Port Inbound Traffic from Backend App Security Group",
            "egress": [
              {
                "cidr_blocks": [
                  "0.0.0.0/0"
                ],
                "description": "",
                "from_port": 0,
                "ipv6_cidr_blocks": [],
                "prefix_list_ids": [],
                "protocol": "-1",
                "security_groups": [],
                "self": false,
                "to_port": 0
              }
            ],
            "id": "sg-0f5e507d11d850541",
            "ingress": [
              {
                "cidr_blocks": [],
                "description": "",
                "from_port": 3306,
                "ipv6_cidr_blocks": [],
                "prefix_list_ids": [],
                "protocol": "tcp",
                "security_groups": [
                  "sg-08dae165548ea4483"
                ],
                "self": false,
                "to_port": 3306
              }
            ],
            "name": "three-tier_rds_sg",
            "name_prefix": "",
            "owner_id": "456116895541",
            "revoke_rules_on_delete": false,
            "tags": null,
            "tags_all": {},
            "timeouts": null,
            "vpc_id": "vpc-06c9306932451d8ad"
          },
          "sensitive_attributes": [],
          "private": "eyJlMmJmYjczMC1lY2FhLTExZTYtOGY4OC0zNDM2M2JjN2M0YzAiOnsiY3JlYXRlIjo2MDAwMDAwMDAwMDAsImRlbGV0ZSI6OTAwMDAwMDAwMDAwfSwic2NoZW1hX3ZlcnNpb24iOiIxIn0=",
          "dependencies": [
            "module.resources.aws_security_group.awsprod_backend_app_sg",
            "module.resources.aws_security_group.awsprod_bastionhost_sg",
            "module.resources.aws_security_group.awsprod_frontend_app_sg",
            "module.resources.aws_security_group.awsprod_lb_sg",
            "module.resources.aws_vpc.awsprod_vpc",
            "module.resources.random_integer.random"
          ]
        }
      ]
    },
    {
      "module": "module.resources",
      "mode": "managed",
      "type": "aws_subnet",
      "name": "awsprod_private_subnets",
      "provider": "provider[\"registry.terraform.io/hashicorp/aws\"]",
      "instances": [
        {
          "index_key": 0,
          "schema_version": 1,
          "attributes": {
            "arn": "arn:aws:ec2:us-east-1:456116895541:subnet/subnet-0536c952dc3465b6a",
            "assign_ipv6_address_on_creation": false,
            "availability_zone": "us-east-1a",
            "availability_zone_id": "use1-az1",
            "cidr_block": "10.1.20.0/24",
            "customer_owned_ipv4_pool": "",
            "enable_dns64": false,
            "enable_resource_name_dns_a_record_on_launch": false,
            "enable_resource_name_dns_aaaa_record_on_launch": false,
            "id": "subnet-0536c952dc3465b6a",
            "ipv6_cidr_block": "",
            "ipv6_cidr_block_association_id": "",
            "ipv6_native": false,
            "map_customer_owned_ip_on_launch": false,
            "map_public_ip_on_launch": false,
            "outpost_arn": "",
            "owner_id": "456116895541",
            "private_dns_hostname_type_on_launch": "ip-name",
            "tags": {
              "Name": "awsprod_private_1"
            },
            "tags_all": {
              "Name": "awsprod_private_1"
            },
            "timeouts": null,
            "vpc_id": "vpc-06c9306932451d8ad"
          },
          "sensitive_attributes": [],
          "private": "eyJlMmJmYjczMC1lY2FhLTExZTYtOGY4OC0zNDM2M2JjN2M0YzAiOnsiY3JlYXRlIjo2MDAwMDAwMDAwMDAsImRlbGV0ZSI6MTIwMDAwMDAwMDAwMH0sInNjaGVtYV92ZXJzaW9uIjoiMSJ9",
          "dependencies": [
            "module.resources.aws_vpc.awsprod_vpc",
            "module.resources.data.aws_availability_zones.available",
            "module.resources.random_integer.random"
          ]
        },
        {
          "index_key": 1,
          "schema_version": 1,
          "attributes": {
            "arn": "arn:aws:ec2:us-east-1:456116895541:subnet/subnet-0c40004a1ad2ca89f",
            "assign_ipv6_address_on_creation": false,
            "availability_zone": "us-east-1b",
            "availability_zone_id": "use1-az2",
            "cidr_block": "10.1.21.0/24",
            "customer_owned_ipv4_pool": "",
            "enable_dns64": false,
            "enable_resource_name_dns_a_record_on_launch": false,
            "enable_resource_name_dns_aaaa_record_on_launch": false,
            "id": "subnet-0c40004a1ad2ca89f",
            "ipv6_cidr_block": "",
            "ipv6_cidr_block_association_id": "",
            "ipv6_native": false,
            "map_customer_owned_ip_on_launch": false,
            "map_public_ip_on_launch": false,
            "outpost_arn": "",
            "owner_id": "456116895541",
            "private_dns_hostname_type_on_launch": "ip-name",
            "tags": {
              "Name": "awsprod_private_2"
            },
            "tags_all": {
              "Name": "awsprod_private_2"
            },
            "timeouts": null,
            "vpc_id": "vpc-06c9306932451d8ad"
          },
          "sensitive_attributes": [],
          "private": "eyJlMmJmYjczMC1lY2FhLTExZTYtOGY4OC0zNDM2M2JjN2M0YzAiOnsiY3JlYXRlIjo2MDAwMDAwMDAwMDAsImRlbGV0ZSI6MTIwMDAwMDAwMDAwMH0sInNjaGVtYV92ZXJzaW9uIjoiMSJ9",
          "dependencies": [
            "module.resources.aws_vpc.awsprod_vpc",
            "module.resources.data.aws_availability_zones.available",
            "module.resources.random_integer.random"
          ]
        }
      ]
    },
    {
      "module": "module.resources",
      "mode": "managed",
      "type": "aws_subnet",
      "name": "awsprod_private_subnets_db",
      "provider": "provider[\"registry.terraform.io/hashicorp/aws\"]",
      "instances": [
        {
          "index_key": 0,
          "schema_version": 1,
          "attributes": {
            "arn": "arn:aws:ec2:us-east-1:456116895541:subnet/subnet-079be03ee7eb5a89c",
            "assign_ipv6_address_on_creation": false,
            "availability_zone": "us-east-1a",
            "availability_zone_id": "use1-az1",
            "cidr_block": "10.1.40.0/24",
            "customer_owned_ipv4_pool": "",
            "enable_dns64": false,
            "enable_resource_name_dns_a_record_on_launch": false,
            "enable_resource_name_dns_aaaa_record_on_launch": false,
            "id": "subnet-079be03ee7eb5a89c",
            "ipv6_cidr_block": "",
            "ipv6_cidr_block_association_id": "",
            "ipv6_native": false,
            "map_customer_owned_ip_on_launch": false,
            "map_public_ip_on_launch": false,
            "outpost_arn": "",
            "owner_id": "456116895541",
            "private_dns_hostname_type_on_launch": "ip-name",
            "tags": {
              "Name": "awsprod_private_db1"
            },
            "tags_all": {
              "Name": "awsprod_private_db1"
            },
            "timeouts": null,
            "vpc_id": "vpc-06c9306932451d8ad"
          },
          "sensitive_attributes": [],
          "private": "eyJlMmJmYjczMC1lY2FhLTExZTYtOGY4OC0zNDM2M2JjN2M0YzAiOnsiY3JlYXRlIjo2MDAwMDAwMDAwMDAsImRlbGV0ZSI6MTIwMDAwMDAwMDAwMH0sInNjaGVtYV92ZXJzaW9uIjoiMSJ9",
          "dependencies": [
            "module.resources.aws_vpc.awsprod_vpc",
            "module.resources.data.aws_availability_zones.available",
            "module.resources.random_integer.random"
          ]
        },
        {
          "index_key": 1,
          "schema_version": 1,
          "attributes": {
            "arn": "arn:aws:ec2:us-east-1:456116895541:subnet/subnet-0de1ea333e15cc505",
            "assign_ipv6_address_on_creation": false,
            "availability_zone": "us-east-1b",
            "availability_zone_id": "use1-az2",
            "cidr_block": "10.1.41.0/24",
            "customer_owned_ipv4_pool": "",
            "enable_dns64": false,
            "enable_resource_name_dns_a_record_on_launch": false,
            "enable_resource_name_dns_aaaa_record_on_launch": false,
            "id": "subnet-0de1ea333e15cc505",
            "ipv6_cidr_block": "",
            "ipv6_cidr_block_association_id": "",
            "ipv6_native": false,
            "map_customer_owned_ip_on_launch": false,
            "map_public_ip_on_launch": false,
            "outpost_arn": "",
            "owner_id": "456116895541",
            "private_dns_hostname_type_on_launch": "ip-name",
            "tags": {
              "Name": "awsprod_private_db2"
            },
            "tags_all": {
              "Name": "awsprod_private_db2"
            },
            "timeouts": null,
            "vpc_id": "vpc-06c9306932451d8ad"
          },
          "sensitive_attributes": [],
          "private": "eyJlMmJmYjczMC1lY2FhLTExZTYtOGY4OC0zNDM2M2JjN2M0YzAiOnsiY3JlYXRlIjo2MDAwMDAwMDAwMDAsImRlbGV0ZSI6MTIwMDAwMDAwMDAwMH0sInNjaGVtYV92ZXJzaW9uIjoiMSJ9",
          "dependencies": [
            "module.resources.aws_vpc.awsprod_vpc",
            "module.resources.data.aws_availability_zones.available",
            "module.resources.random_integer.random"
          ]
        }
      ]
    },
    {
      "module": "module.resources",
      "mode": "managed",
      "type": "aws_subnet",
      "name": "awsprod_public_subnets",
      "provider": "provider[\"registry.terraform.io/hashicorp/aws\"]",
      "instances": [
        {
          "index_key": 0,
          "schema_version": 1,
          "attributes": {
            "arn": "arn:aws:ec2:us-east-1:456116895541:subnet/subnet-090f64be492cfc8bf",
            "assign_ipv6_address_on_creation": false,
            "availability_zone": "us-east-1a",
            "availability_zone_id": "use1-az1",
            "cidr_block": "10.1.10.0/24",
            "customer_owned_ipv4_pool": "",
            "enable_dns64": false,
            "enable_resource_name_dns_a_record_on_launch": false,
            "enable_resource_name_dns_aaaa_record_on_launch": false,
            "id": "subnet-090f64be492cfc8bf",
            "ipv6_cidr_block": "",
            "ipv6_cidr_block_association_id": "",
            "ipv6_native": false,
            "map_customer_owned_ip_on_launch": false,
            "map_public_ip_on_launch": true,
            "outpost_arn": "",
            "owner_id": "456116895541",
            "private_dns_hostname_type_on_launch": "ip-name",
            "tags": {
              "Name": "awsprod_public_1"
            },
            "tags_all": {
              "Name": "awsprod_public_1"
            },
            "timeouts": null,
            "vpc_id": "vpc-06c9306932451d8ad"
          },
          "sensitive_attributes": [],
          "private": "eyJlMmJmYjczMC1lY2FhLTExZTYtOGY4OC0zNDM2M2JjN2M0YzAiOnsiY3JlYXRlIjo2MDAwMDAwMDAwMDAsImRlbGV0ZSI6MTIwMDAwMDAwMDAwMH0sInNjaGVtYV92ZXJzaW9uIjoiMSJ9",
          "dependencies": [
            "module.resources.aws_vpc.awsprod_vpc",
            "module.resources.data.aws_availability_zones.available",
            "module.resources.random_integer.random"
          ]
        },
        {
          "index_key": 1,
          "schema_version": 1,
          "attributes": {
            "arn": "arn:aws:ec2:us-east-1:456116895541:subnet/subnet-03295f11d6a8cc59c",
            "assign_ipv6_address_on_creation": false,
            "availability_zone": "us-east-1b",
            "availability_zone_id": "use1-az2",
            "cidr_block": "10.1.11.0/24",
            "customer_owned_ipv4_pool": "",
            "enable_dns64": false,
            "enable_resource_name_dns_a_record_on_launch": false,
            "enable_resource_name_dns_aaaa_record_on_launch": false,
            "id": "subnet-03295f11d6a8cc59c",
            "ipv6_cidr_block": "",
            "ipv6_cidr_block_association_id": "",
            "ipv6_native": false,
            "map_customer_owned_ip_on_launch": false,
            "map_public_ip_on_launch": true,
            "outpost_arn": "",
            "owner_id": "456116895541",
            "private_dns_hostname_type_on_launch": "ip-name",
            "tags": {
              "Name": "awsprod_public_2"
            },
            "tags_all": {
              "Name": "awsprod_public_2"
            },
            "timeouts": null,
            "vpc_id": "vpc-06c9306932451d8ad"
          },
          "sensitive_attributes": [],
          "private": "eyJlMmJmYjczMC1lY2FhLTExZTYtOGY4OC0zNDM2M2JjN2M0YzAiOnsiY3JlYXRlIjo2MDAwMDAwMDAwMDAsImRlbGV0ZSI6MTIwMDAwMDAwMDAwMH0sInNjaGVtYV92ZXJzaW9uIjoiMSJ9",
          "dependencies": [
            "module.resources.aws_vpc.awsprod_vpc",
            "module.resources.data.aws_availability_zones.available",
            "module.resources.random_integer.random"
          ]
        }
      ]
    },
    {
      "module": "module.resources",
      "mode": "managed",
      "type": "aws_vpc",
      "name": "awsprod_vpc",
      "provider": "provider[\"registry.terraform.io/hashicorp/aws\"]",
      "instances": [
        {
          "schema_version": 1,
          "attributes": {
            "arn": "arn:aws:ec2:us-east-1:456116895541:vpc/vpc-06c9306932451d8ad",
            "assign_generated_ipv6_cidr_block": false,
            "cidr_block": "10.1.0.0/16",
            "default_network_acl_id": "acl-010025811940f8def",
            "default_route_table_id": "rtb-09e2788fbb0677ab0",
            "default_security_group_id": "sg-0f319068756a25bce",
            "dhcp_options_id": "dopt-0a418893a52bca0a3",
            "enable_classiclink": false,
            "enable_classiclink_dns_support": false,
            "enable_dns_hostnames": true,
            "enable_dns_support": true,
            "enable_network_address_usage_metrics": false,
            "id": "vpc-06c9306932451d8ad",
            "instance_tenancy": "default",
            "ipv4_ipam_pool_id": null,
            "ipv4_netmask_length": null,
            "ipv6_association_id": "",
            "ipv6_cidr_block": "",
            "ipv6_cidr_block_network_border_group": "",
            "ipv6_ipam_pool_id": "",
            "ipv6_netmask_length": 0,
            "main_route_table_id": "rtb-09e2788fbb0677ab0",
            "owner_id": "456116895541",
            "tags": {
              "Name": "awsprod_vpc-32"
            },
            "tags_all": {
              "Name": "awsprod_vpc-32"
            }
          },
          "sensitive_attributes": [],
          "private": "eyJzY2hlbWFfdmVyc2lvbiI6IjEifQ==",
          "dependencies": [
            "module.resources.random_integer.random"
          ],
          "create_before_destroy": true
        }
      ]
    },
    {
      "module": "module.resources",
      "mode": "managed",
      "type": "random_integer",
      "name": "random",
      "provider": "provider[\"registry.terraform.io/hashicorp/random\"]",
      "instances": [
        {
          "schema_version": 0,
          "attributes": {
            "id": "32",
            "keepers": null,
            "max": 100,
            "min": 1,
            "result": 32,
            "seed": null
          },
          "sensitive_attributes": [],
          "create_before_destroy": true
        }
      ]
    }
  ],
  "check_results": null
}
